
Microsoft Visual Studio Solution File, Format Version 12.00
# Visual Studio 15
VisualStudioVersion = 15.0.28307.1321
MinimumVisualStudioVersion = 10.0.40219.1
Project("{FAE04EC0-301F-11D3-BF4B-00C04F79EFBC}") = "OOP_Metod_Class", "OOP_Metod_Class\OOP_Metod_Class.csproj", "{6482FE80-2C73-4029-9E01-A541E91FB417}"
EndProject
Global
	GlobalSection(SolutionConfigurationPlatforms) = preSolution
		Debug|Any CPU = Debug|Any CPU
		Release|Any CPU = Release|Any CPU
	EndGlobalSection
	GlobalSection(ProjectConfigurationPlatforms) = postSolution
		{6482FE80-2C73-4029-9E01-A541E91FB417}.Debug|Any CPU.ActiveCfg = Debug|Any CPU
		{6482FE80-2C73-4029-9E01-A541E91FB417}.Debug|Any CPU.Build.0 = Debug|Any CPU
		{6482FE80-2C73-4029-9E01-A541E91FB417}.Release|Any CPU.ActiveCfg = Release|Any CPU
		{6482FE80-2C73-4029-9E01-A541E91FB417}.Release|Any CPU.Build.0 = Release|Any CPU
	EndGlobalSection
	GlobalSection(SolutionProperties) = preSolution
		HideSolutionNode = FALSE
	EndGlobalSection
	GlobalSection(ExtensibilityGlobals) = postSolution
		SolutionGuid = {20E547B8-8771-4CEC-8774-30B7A7F13CD3}
	EndGlobalSection
EndGlobal
